
Microsoft Visual Studio Solution File, Format Version 12.00
# Visual Studio 15
Project("{FAE04EC0-301F-11D3-BF4B-00C04F79EFBC}") = "Assembly-CSharp-Editor", "Assembly-CSharp-Editor.csproj", "{C23CF7EC-709A-D53C-0E34-BE3347F26D08}"
EndProject
Project("{FAE04EC0-301F-11D3-BF4B-00C04F79EFBC}") = "Assembly-CSharp", "Assembly-CSharp.csproj", "{145101EB-E587-C524-E144-FB9169CC6D9C}"
EndProject
Project("{FAE04EC0-301F-11D3-BF4B-00C04F79EFBC}") = "soupday.cc3_unity_tools.project_runtime", "soupday.cc3_unity_tools.project_runtime.csproj", "{FBB39055-B977-484D-4C51-2CDDE6DBF2BB}"
EndProject
Global
	GlobalSection(SolutionConfigurationPlatforms) = preSolution
		Debug|Any CPU = Debug|Any CPU
		Release|Any CPU = Release|Any CPU
	EndGlobalSection
	GlobalSection(ProjectConfigurationPlatforms) = postSolution
		{C23CF7EC-709A-D53C-0E34-BE3347F26D08}.Debug|Any CPU.ActiveCfg = Debug|Any CPU
		{C23CF7EC-709A-D53C-0E34-BE3347F26D08}.Debug|Any CPU.Build.0 = Debug|Any CPU
		{C23CF7EC-709A-D53C-0E34-BE3347F26D08}.Release|Any CPU.ActiveCfg = Release|Any CPU
		{C23CF7EC-709A-D53C-0E34-BE3347F26D08}.Release|Any CPU.Build.0 = Release|Any CPU
		{145101EB-E587-C524-E144-FB9169CC6D9C}.Debug|Any CPU.ActiveCfg = Debug|Any CPU
		{145101EB-E587-C524-E144-FB9169CC6D9C}.Debug|Any CPU.Build.0 = Debug|Any CPU
		{145101EB-E587-C524-E144-FB9169CC6D9C}.Release|Any CPU.ActiveCfg = Release|Any CPU
		{145101EB-E587-C524-E144-FB9169CC6D9C}.Release|Any CPU.Build.0 = Release|Any CPU
		{FBB39055-B977-484D-4C51-2CDDE6DBF2BB}.Debug|Any CPU.ActiveCfg = Debug|Any CPU
		{FBB39055-B977-484D-4C51-2CDDE6DBF2BB}.Debug|Any CPU.Build.0 = Debug|Any CPU
		{FBB39055-B977-484D-4C51-2CDDE6DBF2BB}.Release|Any CPU.ActiveCfg = Release|Any CPU
		{FBB39055-B977-484D-4C51-2CDDE6DBF2BB}.Release|Any CPU.Build.0 = Release|Any CPU
	EndGlobalSection
	GlobalSection(SolutionProperties) = preSolution
		HideSolutionNode = FALSE
	EndGlobalSection
EndGlobal
